
Microsoft Visual Studio Solution File, Format Version 12.00
# Visual Studio Version 16
VisualStudioVersion = 16.0.29806.167
MinimumVisualStudioVersion = 10.0.40219.1
Project("{9A19103F-16F7-4668-BE54-9A1E7A4F7556}") = "ESFA.DC.Summarisation.Model", "ESFA.DC.Summarisation.Model\ESFA.DC.Summarisation.Model.csproj", "{B0FF12A8-3050-453E-B2C2-76E197977F8A}"
EndProject
Project("{00D1A9C2-B5F0-4AF3-8072-F6C62B433612}") = "ESFA.DC.Summarisation.Database", "ESFA.DC.Summarisation.Database\ESFA.DC.Summarisation.Database.sqlproj", "{D1A55CBE-8485-41E1-8748-C83CBA3D1F03}"
EndProject
Project("{9A19103F-16F7-4668-BE54-9A1E7A4F7556}") = "ESFA.DC.EF.Console", "ESFA.DC.EF.Console\ESFA.DC.EF.Console.csproj", "{618A425B-F52F-475F-A773-8E27EA1A3B6C}"
EndProject
Project("{9A19103F-16F7-4668-BE54-9A1E7A4F7556}") = "ESFA.DC.Summarisation.Interfaces", "ESFA.DC.Summarisation.Interfaces\ESFA.DC.Summarisation.Interfaces.csproj", "{2710AFB6-C198-4438-B676-8AF1A0B2E272}"
EndProject
Project("{9A19103F-16F7-4668-BE54-9A1E7A4F7556}") = "ESFA.DC.Summarisation.Data", "ESFA.DC.Summarisation.Data\ESFA.DC.Summarisation.Data.csproj", "{6AC3B17B-49A6-4ECE-8962-C45F67384054}"
EndProject
Project("{FAE04EC0-301F-11D3-BF4B-00C04F79EFBC}") = "ESFA.DC.Summarisation.Data.Tests", "ESFA.DC.Summarisation.Data.Tests\ESFA.DC.Summarisation.Data.Tests.csproj", "{8D110D18-72D5-477A-9D4E-BE6CB6DE9E42}"
EndProject
Project("{2150E333-8FDC-42A3-9474-1A3956D46DE8}") = "Solution Items", "Solution Items", "{A36813DE-4533-4046-ADCE-27B21B01ABB4}"
	ProjectSection(SolutionItems) = preProject
		..\.gitattributes = ..\.gitattributes
		..\.gitignore = ..\.gitignore
		..\azure-pipelines.yml = ..\azure-pipelines.yml
		..\README.md = ..\README.md
	EndProjectSection
EndProject
Project("{9A19103F-16F7-4668-BE54-9A1E7A4F7556}") = "ESFA.DC.Summarisation.Data.Persist", "ESFA.DC.Summarisation.Data.Persist\ESFA.DC.Summarisation.Data.Persist.csproj", "{147D4B0C-4706-4DC9-A844-3F89E107C572}"
EndProject
Project("{FAE04EC0-301F-11D3-BF4B-00C04F79EFBC}") = "ESFA.DC.Summarisation.Data.Persist.Tests", "ESFA.DC.Summarisation.Data.Persist.Tests\ESFA.DC.Summarisation.Data.Persist.Tests.csproj", "{6FFCC44C-DED4-4D9F-9CB5-381AD0C131A5}"
EndProject
Project("{FAE04EC0-301F-11D3-BF4B-00C04F79EFBC}") = "ESFA.DC.Summarisation.Console", "ESFA.DC.Summarisation.Console\ESFA.DC.Summarisation.Console.csproj", "{84347C0F-7563-498A-9A62-03C39AB32FF1}"
EndProject
Project("{A07B5EB6-E848-4116-A8D0-A826331D98C6}") = "ESFA.DC.Summarisation", "ESFA.DC.Summarisation\ESFA.DC.Summarisation.sfproj", "{B4E46BDE-8332-4D1E-A352-C2CAFA57F63C}"
EndProject
Project("{FAE04EC0-301F-11D3-BF4B-00C04F79EFBC}") = "ESFA.DC.Summarisation.Stateless", "ESFA.DC.Summarisation.Stateless\ESFA.DC.Summarisation.Stateless.csproj", "{8DEA5200-6C7A-412B-A9F7-A3C521CB800A}"
EndProject
Project("{9A19103F-16F7-4668-BE54-9A1E7A4F7556}") = "ESFA.DC.Summarisation.Modules", "ESFA.DC.Summarisation.Modules\ESFA.DC.Summarisation.Modules.csproj", "{E90DB834-3D93-4976-9B2B-38E0455AF3FC}"
EndProject
Project("{9A19103F-16F7-4668-BE54-9A1E7A4F7556}") = "ESFA.DC.Summarisation.Service", "ESFA.DC.Summarisation.Service\ESFA.DC.Summarisation.Service.csproj", "{79FBA70B-AB9E-4B43-B850-9CF41340B638}"
EndProject
Project("{2150E333-8FDC-42A3-9474-1A3956D46DE8}") = "ESF", "ESF", "{277432A9-583B-40C9-95D2-189BB7EB71E4}"
EndProject
Project("{2150E333-8FDC-42A3-9474-1A3956D46DE8}") = "Main1920", "Main1920", "{44BDC936-F4C0-4AB9-A6C5-C28A5EE478CF}"
EndProject
Project("{2150E333-8FDC-42A3-9474-1A3956D46DE8}") = "Apps1920", "Apps1920", "{86A8836E-D031-4EE2-A11F-0CC18C1C3197}"
EndProject
Project("{9A19103F-16F7-4668-BE54-9A1E7A4F7556}") = "ESFA.DC.Summarisation.Constants", "ESFA.DC.Summarisation.Constants\ESFA.DC.Summarisation.Constants.csproj", "{799CCC9B-2AB7-46C5-8902-43DF0920FB87}"
EndProject
Project("{2150E333-8FDC-42A3-9474-1A3956D46DE8}") = "Apps", "Apps", "{FBFC34A4-0899-4637-ADC0-7DFB483A59CB}"
EndProject
Project("{2150E333-8FDC-42A3-9474-1A3956D46DE8}") = "Main", "Main", "{EBEF64B9-DF6D-411C-8B64-ECC32CF5478A}"
EndProject
Project("{9A19103F-16F7-4668-BE54-9A1E7A4F7556}") = "ESFA.DC.Summarisation.Apps.Apps1920.Service", "Apps\Apps1920\ESFA.DC.Summarisation.Apps.Apps1920.Service\ESFA.DC.Summarisation.Apps.Apps1920.Service.csproj", "{0E887833-4059-48B2-9D89-8E6B5955926D}"
EndProject
Project("{FAE04EC0-301F-11D3-BF4B-00C04F79EFBC}") = "ESFA.DC.Summarisation.Apps.Apps1920.Service.Tests", "Apps\Apps1920\ESFA.DC.Summarisation.Apps.Apps1920.Service.Tests\ESFA.DC.Summarisation.Apps.Apps1920.Service.Tests.csproj", "{7325DFAA-0951-4939-B28B-35F9CF52D705}"
EndProject
Project("{2150E333-8FDC-42A3-9474-1A3956D46DE8}") = "ESF", "ESF", "{4401BF13-FF7B-4577-95D1-1D38F98C9CA1}"
EndProject
Project("{9A19103F-16F7-4668-BE54-9A1E7A4F7556}") = "ESFA.DC.Summarisation.ESF.ESF.Service", "ESF\ESF\ESFA.DC.Summarisation.ESF.ESF.Service\ESFA.DC.Summarisation.ESF.ESF.Service.csproj", "{F616E12A-443B-43BA-9485-8D23369B045A}"
EndProject
Project("{FAE04EC0-301F-11D3-BF4B-00C04F79EFBC}") = "ESFA.DC.Summarisation.ESF.ESF.Service.Tests", "ESF\ESF\ESFA.DC.Summarisation.ESF.ESF.Service.Tests\ESFA.DC.Summarisation.ESF.ESF.Service.Tests.csproj", "{18181B4F-2F82-4A33-BE2D-D4C2DE668C3A}"
EndProject
Project("{9A19103F-16F7-4668-BE54-9A1E7A4F7556}") = "ESFA.DC.Summarisation.Main.Main1920.Service", "Main\Main1920\ESFA.DC.Summarisation.Main.Main1920.Service\ESFA.DC.Summarisation.Main.Main1920.Service.csproj", "{FA8A61AC-D6EA-4DC1-A868-404131355172}"
EndProject
Project("{FAE04EC0-301F-11D3-BF4B-00C04F79EFBC}") = "ESFA.DC.Summarisation.Main.Main1920.Service.Tests", "Main\Main1920\ESFA.DC.Summarisation.Main.Main1920.Service.Tests\ESFA.DC.Summarisation.Main.Main1920.Service.Tests.csproj", "{BF1CCA26-05D9-48AA-9720-469964C3CB4F}"
EndProject
Project("{9A19103F-16F7-4668-BE54-9A1E7A4F7556}") = "ESFA.DC.Summarisation.Main.Interfaces", "Main\ESFA.DC.Summarisation.Main.Interfaces\ESFA.DC.Summarisation.Main.Interfaces.csproj", "{6160EF92-900E-4375-BF2B-C2A146135DFF}"
EndProject
Project("{9A19103F-16F7-4668-BE54-9A1E7A4F7556}") = "ESFA.DC.Summarisation.Main.Service", "Main\ESFA.DC.Summarisation.Main.Service\ESFA.DC.Summarisation.Main.Service.csproj", "{A7180F50-2A4C-4DE1-8FC9-0A1FF4AEE486}"
EndProject
Project("{9A19103F-16F7-4668-BE54-9A1E7A4F7556}") = "ESFA.DC.Summarisation.Apps.Service", "Apps\ESFA.DC.Summarisation.Apps.Service\ESFA.DC.Summarisation.Apps.Service.csproj", "{C689298D-2732-42F2-A881-76F14D18B67A}"
EndProject
Project("{9A19103F-16F7-4668-BE54-9A1E7A4F7556}") = "ESFA.DC.Summarisation.ESF.Service", "ESF\ESFA.DC.Summarisation.ESF.Service\ESFA.DC.Summarisation.ESF.Service.csproj", "{87A0C5A1-43C5-4E45-A386-5047F727F9F9}"
EndProject
Project("{9A19103F-16F7-4668-BE54-9A1E7A4F7556}") = "ESFA.DC.Summarisation.Main.Modules", "Main\ESFA.DC.Summarisation.Main.Modules\ESFA.DC.Summarisation.Main.Modules.csproj", "{AA07D3E6-9551-4ED6-9B9A-1A4B9BA726D4}"
EndProject
Project("{9A19103F-16F7-4668-BE54-9A1E7A4F7556}") = "ESFA.DC.Summarisation.ESF.Modules", "ESF\ESFA.DC.Summarisation.ESF.Modules\ESFA.DC.Summarisation.ESF.Modules.csproj", "{75ABAD66-2332-4007-8BE5-F3EF2C7B7717}"
EndProject
Project("{9A19103F-16F7-4668-BE54-9A1E7A4F7556}") = "ESFA.DC.Summarisation.Apps.Modules", "Apps\ESFA.DC.Summarisation.Apps.Modules\ESFA.DC.Summarisation.Apps.Modules.csproj", "{4C7C6C0C-B161-4210-98E8-E45CB160D334}"
EndProject
Project("{9A19103F-16F7-4668-BE54-9A1E7A4F7556}") = "ESFA.DC.Summarisation.ESF.Interfaces", "ESF\ESFA.DC.Summarisation.ESF.Interfaces\ESFA.DC.Summarisation.ESF.Interfaces.csproj", "{3E9F4192-8E5A-4943-B67A-5D18FEDDA29D}"
EndProject
Project("{9A19103F-16F7-4668-BE54-9A1E7A4F7556}") = "ESFA.DC.Summarisation.Apps.Interfaces", "Apps\ESFA.DC.Summarisation.Apps.Interfaces\ESFA.DC.Summarisation.Apps.Interfaces.csproj", "{2C50C386-5AA9-4C09-8C57-A035C16702B1}"
EndProject
Project("{9A19103F-16F7-4668-BE54-9A1E7A4F7556}") = "ESFA.DC.Summarisation.Main.Main1920.Modules", "Main\Main1920\ESFA.DC.Summarisation.Main.Main1920.Modules\ESFA.DC.Summarisation.Main.Main1920.Modules.csproj", "{5E68FA76-DC6C-4417-A51A-2D7E85938773}"
EndProject
Project("{9A19103F-16F7-4668-BE54-9A1E7A4F7556}") = "ESFA.DC.Summarisation.ESF.ESF.Modules", "ESF\ESF\ESFA.DC.Summarisation.ESF.ESF.Modules\ESFA.DC.Summarisation.ESF.ESF.Modules.csproj", "{CB60F6CA-05F2-4755-8C19-DC1270CE2154}"
EndProject
Project("{9A19103F-16F7-4668-BE54-9A1E7A4F7556}") = "ESFA.DC.Summarisation.Apps.Apps1920.Modules", "Apps\Apps1920\ESFA.DC.Summarisation.Apps.Apps1920.Modules\ESFA.DC.Summarisation.Apps.Apps1920.Modules.csproj", "{66BFFDDC-F768-4668-847E-05D31EF41807}"
EndProject
Project("{9A19103F-16F7-4668-BE54-9A1E7A4F7556}") = "ESFA.DC.Summarisation.Apps.Model", "Apps\ESFA.DC.Summarisation.Apps.Model\ESFA.DC.Summarisation.Apps.Model.csproj", "{94969EEF-9359-4E2A-946E-A10A39A21FD3}"
EndProject
Project("{9A19103F-16F7-4668-BE54-9A1E7A4F7556}") = "ESFA.DC.Summarisation.ESF.Model", "ESF\ESFA.DC.Summarisation.ESF.Model\ESFA.DC.Summarisation.ESF.Model.csproj", "{A231A564-562C-4D65-A793-3AA589C20C0E}"
EndProject
Project("{9A19103F-16F7-4668-BE54-9A1E7A4F7556}") = "ESFA.DC.Summarisation.Main.Model", "Main\ESFA.DC.Summarisation.Main.Model\ESFA.DC.Summarisation.Main.Model.csproj", "{95AFD0A4-A999-4C10-A299-AB3F2D496A4B}"
EndProject
Project("{9A19103F-16F7-4668-BE54-9A1E7A4F7556}") = "ESFA.DC.Summarisation.Service.Model", "ESFA.DC.Summarisation.Service.Model\ESFA.DC.Summarisation.Service.Model.csproj", "{C1CB3ABE-1DA4-45A1-AD7A-01802F5A6AB2}"
EndProject
Project("{2150E333-8FDC-42A3-9474-1A3956D46DE8}") = "Generic", "Generic", "{59B64A17-29CC-47AE-93C7-89598E1ADDBD}"
EndProject
Project("{9A19103F-16F7-4668-BE54-9A1E7A4F7556}") = "ESFA.DC.Summarisation.Generic.Service", "Generic\ESFA.DC.Summarisation.Generic.Service\ESFA.DC.Summarisation.Generic.Service.csproj", "{45BDA50F-68AC-4C41-8B86-3408944FEF32}"
EndProject
Project("{9A19103F-16F7-4668-BE54-9A1E7A4F7556}") = "ESFA.DC.Summarisation.Generic.Interfaces", "Generic\ESFA.DC.Summarisation.Generic.Interfaces\ESFA.DC.Summarisation.Generic.Interfaces.csproj", "{35DF8506-F766-484C-9B7F-0C661FCD4825}"
EndProject
Project("{2150E333-8FDC-42A3-9474-1A3956D46DE8}") = "NCS", "NCS", "{C75C88C6-A111-4F31-8DCB-04A8E11A8059}"
EndProject
Project("{2150E333-8FDC-42A3-9474-1A3956D46DE8}") = "NCS1920", "NCS1920", "{08F152FC-C06A-4FDF-B9CB-A58320780822}"
EndProject
Project("{9A19103F-16F7-4668-BE54-9A1E7A4F7556}") = "ESFA.DC.Summarisation.NCS.NCS1920.Modules", "NCS\NCS1920\ESFA.DC.Summarisation.NCS.NCS1920.Modules\ESFA.DC.Summarisation.NCS.NCS1920.Modules.csproj", "{A60BCD53-4D89-491E-B96C-BA4FA587519D}"
EndProject
Project("{9A19103F-16F7-4668-BE54-9A1E7A4F7556}") = "ESFA.DC.Summarisation.NCS.Model", "NCS\ESFA.DC.Summarisation.NCS.Model\ESFA.DC.Summarisation.NCS.Model.csproj", "{B4DF491C-09B4-47E9-9096-19124CD92116}"
EndProject
Project("{FAE04EC0-301F-11D3-BF4B-00C04F79EFBC}") = "ESFA.DC.Summarisation.NCS.NCS1920.Service.Tests", "NCS\NCS1920\ESFA.DC.Summarisation.NCS.NCS1920.Service.Tests\ESFA.DC.Summarisation.NCS.NCS1920.Service.Tests.csproj", "{7000024C-A1E4-4431-9BF8-E0C9282ADDE7}"
EndProject
Project("{9A19103F-16F7-4668-BE54-9A1E7A4F7556}") = "ESFA.DC.Summarisation.NCS.NCS1920.Service", "NCS\NCS1920\ESFA.DC.Summarisation.NCS.NCS1920.Service\ESFA.DC.Summarisation.NCS.NCS1920.Service.csproj", "{7952E124-A097-4DA2-B78B-F0BA318C4F80}"
EndProject
Project("{9A19103F-16F7-4668-BE54-9A1E7A4F7556}") = "ESFA.DC.Summarisation.NCS.Interfaces", "NCS\ESFA.DC.Summarisation.NCS.Interfaces\ESFA.DC.Summarisation.NCS.Interfaces.csproj", "{BEB80E11-5079-431B-967F-45C86AB1A2B7}"
EndProject
Project("{9A19103F-16F7-4668-BE54-9A1E7A4F7556}") = "ESFA.DC.Summarisation.NCS.Modules", "NCS\ESFA.DC.Summarisation.NCS.Modules\ESFA.DC.Summarisation.NCS.Modules.csproj", "{187A217A-1927-4AB5-8499-A5256F90E5CA}"
EndProject
Project("{9A19103F-16F7-4668-BE54-9A1E7A4F7556}") = "ESFA.DC.Summarisation.NCS.Service", "NCS\ESFA.DC.Summarisation.NCS.Service\ESFA.DC.Summarisation.NCS.Service.csproj", "{F0A9ECDC-EEAA-4523-9DEA-20403DE182D6}"
EndProject
Project("{9A19103F-16F7-4668-BE54-9A1E7A4F7556}") = "ESFA.DC.Summarisation.Generic.Modules", "Generic\ESFA.DC.Summarisation.Generic.Modules\ESFA.DC.Summarisation.Generic.Modules.csproj", "{F5A815AD-166C-46BB-BCC9-DB01BA7272B2}"
EndProject
Project("{FAE04EC0-301F-11D3-BF4B-00C04F79EFBC}") = "ESFA.DC.Summarisation.Generic.Service.Tests", "Generic\ESFA.DC.Summarisation.Generic.Service.Tests\ESFA.DC.Summarisation.Generic.Service.Tests.csproj", "{FC1B7EE3-51CE-46F9-BEA4-69512A1D364A}"
EndProject
Project("{FAE04EC0-301F-11D3-BF4B-00C04F79EFBC}") = "ESFA.DC.Summarisation.NCS.Service.Tests", "NCS\ESFA.DC.Summarisation.NCS.Service.Tests\ESFA.DC.Summarisation.NCS.Service.Tests.csproj", "{7F3FF735-831D-41E0-9DCF-27D5CFF3D65F}"
EndProject
Project("{FAE04EC0-301F-11D3-BF4B-00C04F79EFBC}") = "ESFA.DC.Summarisation.ESF.Service.Tests", "ESF\ESFA.DC.Summarisation.ESF.Service.Tests\ESFA.DC.Summarisation.ESF.Service.Tests.csproj", "{6E5015DB-C65A-4471-B0EE-23E330E63BD8}"
EndProject
Project("{FAE04EC0-301F-11D3-BF4B-00C04F79EFBC}") = "ESFA.DC.Summarisation.Apps.Service.Tests", "Apps\ESFA.DC.Summarisation.Apps.Service.Tests\ESFA.DC.Summarisation.Apps.Service.Tests.csproj", "{32B385A7-0413-4606-957E-B87F4111B89D}"
EndProject
Project("{9A19103F-16F7-4668-BE54-9A1E7A4F7556}") = "ESFA.DC.Summarisation.Data.BAU.Persist", "ESFA.DC.Summarisation.Data.BAU.Persist\ESFA.DC.Summarisation.Data.BAU.Persist.csproj", "{BB5195AC-70B6-4A9D-A3CA-0236835894A7}"
EndProject
Project("{FAE04EC0-301F-11D3-BF4B-00C04F79EFBC}") = "ESFA.DC.Summarisation.Data.BAU.Persist.Tests", "ESFA.DC.Summarisation.Data.BAU.Persist.Tests\ESFA.DC.Summarisation.Data.BAU.Persist.Tests.csproj", "{F38F7522-2726-4298-9046-354685E8ED63}"
EndProject
Project("{2150E333-8FDC-42A3-9474-1A3956D46DE8}") = "NCS2021", "NCS2021", "{CD8D0E5F-C229-417D-AFE8-2ADA4BC2B97B}"
EndProject
Project("{9A19103F-16F7-4668-BE54-9A1E7A4F7556}") = "ESFA.DC.Summarisation.NCS.NCS2021.Service", "NCS\NCS2021\ESFA.DC.Summarisation.NCS.NCS2021.Service\ESFA.DC.Summarisation.NCS.NCS2021.Service.csproj", "{72E558FE-FA60-4A54-8387-C866170E565A}"
EndProject
Project("{9A19103F-16F7-4668-BE54-9A1E7A4F7556}") = "ESFA.DC.Summarisation.NCS.NCS2021.Modules", "NCS\NCS2021\ESFA.DC.Summarisation.NCS.NCS2021.Modules\ESFA.DC.Summarisation.NCS.NCS2021.Modules.csproj", "{E72247D7-1849-4B7B-A902-BF97B1956498}"
EndProject
Project("{FAE04EC0-301F-11D3-BF4B-00C04F79EFBC}") = "ESFA.DC.Summarisation.NCS.NCS2021.Service.Tests", "NCS\NCS2021\ESFA.DC.Summarisation.NCS.NCS2021.Service.Tests\ESFA.DC.Summarisation.NCS.NCS2021.Service.Tests.csproj", "{C16355DA-CD7B-4244-A84D-90358C753224}"
EndProject
Global
	GlobalSection(SolutionConfigurationPlatforms) = preSolution
		Debug|Any CPU = Debug|Any CPU
		Debug|x64 = Debug|x64
		Release|Any CPU = Release|Any CPU
		Release|x64 = Release|x64
	EndGlobalSection
	GlobalSection(ProjectConfigurationPlatforms) = postSolution
		{B0FF12A8-3050-453E-B2C2-76E197977F8A}.Debug|Any CPU.ActiveCfg = Debug|Any CPU
		{B0FF12A8-3050-453E-B2C2-76E197977F8A}.Debug|Any CPU.Build.0 = Debug|Any CPU
		{B0FF12A8-3050-453E-B2C2-76E197977F8A}.Debug|x64.ActiveCfg = Debug|Any CPU
		{B0FF12A8-3050-453E-B2C2-76E197977F8A}.Debug|x64.Build.0 = Debug|Any CPU
		{B0FF12A8-3050-453E-B2C2-76E197977F8A}.Release|Any CPU.ActiveCfg = Release|Any CPU
		{B0FF12A8-3050-453E-B2C2-76E197977F8A}.Release|Any CPU.Build.0 = Release|Any CPU
		{B0FF12A8-3050-453E-B2C2-76E197977F8A}.Release|x64.ActiveCfg = Release|Any CPU
		{B0FF12A8-3050-453E-B2C2-76E197977F8A}.Release|x64.Build.0 = Release|Any CPU
		{D1A55CBE-8485-41E1-8748-C83CBA3D1F03}.Debug|Any CPU.ActiveCfg = Debug|Any CPU
		{D1A55CBE-8485-41E1-8748-C83CBA3D1F03}.Debug|Any CPU.Build.0 = Debug|Any CPU
		{D1A55CBE-8485-41E1-8748-C83CBA3D1F03}.Debug|Any CPU.Deploy.0 = Debug|Any CPU
		{D1A55CBE-8485-41E1-8748-C83CBA3D1F03}.Debug|x64.ActiveCfg = Debug|Any CPU
		{D1A55CBE-8485-41E1-8748-C83CBA3D1F03}.Debug|x64.Build.0 = Debug|Any CPU
		{D1A55CBE-8485-41E1-8748-C83CBA3D1F03}.Debug|x64.Deploy.0 = Debug|Any CPU
		{D1A55CBE-8485-41E1-8748-C83CBA3D1F03}.Release|Any CPU.ActiveCfg = Release|Any CPU
		{D1A55CBE-8485-41E1-8748-C83CBA3D1F03}.Release|Any CPU.Build.0 = Release|Any CPU
		{D1A55CBE-8485-41E1-8748-C83CBA3D1F03}.Release|Any CPU.Deploy.0 = Release|Any CPU
		{D1A55CBE-8485-41E1-8748-C83CBA3D1F03}.Release|x64.ActiveCfg = Release|Any CPU
		{D1A55CBE-8485-41E1-8748-C83CBA3D1F03}.Release|x64.Build.0 = Release|Any CPU
		{D1A55CBE-8485-41E1-8748-C83CBA3D1F03}.Release|x64.Deploy.0 = Release|Any CPU
		{618A425B-F52F-475F-A773-8E27EA1A3B6C}.Debug|Any CPU.ActiveCfg = Debug|Any CPU
		{618A425B-F52F-475F-A773-8E27EA1A3B6C}.Debug|x64.ActiveCfg = Debug|Any CPU
		{618A425B-F52F-475F-A773-8E27EA1A3B6C}.Debug|x64.Build.0 = Debug|Any CPU
		{618A425B-F52F-475F-A773-8E27EA1A3B6C}.Release|Any CPU.ActiveCfg = Release|Any CPU
		{618A425B-F52F-475F-A773-8E27EA1A3B6C}.Release|Any CPU.Build.0 = Release|Any CPU
		{618A425B-F52F-475F-A773-8E27EA1A3B6C}.Release|x64.ActiveCfg = Release|Any CPU
		{618A425B-F52F-475F-A773-8E27EA1A3B6C}.Release|x64.Build.0 = Release|Any CPU
		{2710AFB6-C198-4438-B676-8AF1A0B2E272}.Debug|Any CPU.ActiveCfg = Debug|Any CPU
		{2710AFB6-C198-4438-B676-8AF1A0B2E272}.Debug|Any CPU.Build.0 = Debug|Any CPU
		{2710AFB6-C198-4438-B676-8AF1A0B2E272}.Debug|x64.ActiveCfg = Debug|Any CPU
		{2710AFB6-C198-4438-B676-8AF1A0B2E272}.Debug|x64.Build.0 = Debug|Any CPU
		{2710AFB6-C198-4438-B676-8AF1A0B2E272}.Release|Any CPU.ActiveCfg = Release|Any CPU
		{2710AFB6-C198-4438-B676-8AF1A0B2E272}.Release|Any CPU.Build.0 = Release|Any CPU
		{2710AFB6-C198-4438-B676-8AF1A0B2E272}.Release|x64.ActiveCfg = Release|Any CPU
		{2710AFB6-C198-4438-B676-8AF1A0B2E272}.Release|x64.Build.0 = Release|Any CPU
		{6AC3B17B-49A6-4ECE-8962-C45F67384054}.Debug|Any CPU.ActiveCfg = Debug|Any CPU
		{6AC3B17B-49A6-4ECE-8962-C45F67384054}.Debug|Any CPU.Build.0 = Debug|Any CPU
		{6AC3B17B-49A6-4ECE-8962-C45F67384054}.Debug|x64.ActiveCfg = Debug|Any CPU
		{6AC3B17B-49A6-4ECE-8962-C45F67384054}.Debug|x64.Build.0 = Debug|Any CPU
		{6AC3B17B-49A6-4ECE-8962-C45F67384054}.Release|Any CPU.ActiveCfg = Release|Any CPU
		{6AC3B17B-49A6-4ECE-8962-C45F67384054}.Release|Any CPU.Build.0 = Release|Any CPU
		{6AC3B17B-49A6-4ECE-8962-C45F67384054}.Release|x64.ActiveCfg = Release|Any CPU
		{6AC3B17B-49A6-4ECE-8962-C45F67384054}.Release|x64.Build.0 = Release|Any CPU
		{8D110D18-72D5-477A-9D4E-BE6CB6DE9E42}.Debug|Any CPU.ActiveCfg = Debug|Any CPU
		{8D110D18-72D5-477A-9D4E-BE6CB6DE9E42}.Debug|Any CPU.Build.0 = Debug|Any CPU
		{8D110D18-72D5-477A-9D4E-BE6CB6DE9E42}.Debug|x64.ActiveCfg = Debug|Any CPU
		{8D110D18-72D5-477A-9D4E-BE6CB6DE9E42}.Debug|x64.Build.0 = Debug|Any CPU
		{8D110D18-72D5-477A-9D4E-BE6CB6DE9E42}.Release|Any CPU.ActiveCfg = Release|Any CPU
		{8D110D18-72D5-477A-9D4E-BE6CB6DE9E42}.Release|Any CPU.Build.0 = Release|Any CPU
		{8D110D18-72D5-477A-9D4E-BE6CB6DE9E42}.Release|x64.ActiveCfg = Release|Any CPU
		{8D110D18-72D5-477A-9D4E-BE6CB6DE9E42}.Release|x64.Build.0 = Release|Any CPU
		{147D4B0C-4706-4DC9-A844-3F89E107C572}.Debug|Any CPU.ActiveCfg = Debug|Any CPU
		{147D4B0C-4706-4DC9-A844-3F89E107C572}.Debug|Any CPU.Build.0 = Debug|Any CPU
		{147D4B0C-4706-4DC9-A844-3F89E107C572}.Debug|x64.ActiveCfg = Debug|Any CPU
		{147D4B0C-4706-4DC9-A844-3F89E107C572}.Debug|x64.Build.0 = Debug|Any CPU
		{147D4B0C-4706-4DC9-A844-3F89E107C572}.Release|Any CPU.ActiveCfg = Release|Any CPU
		{147D4B0C-4706-4DC9-A844-3F89E107C572}.Release|Any CPU.Build.0 = Release|Any CPU
		{147D4B0C-4706-4DC9-A844-3F89E107C572}.Release|x64.ActiveCfg = Release|Any CPU
		{147D4B0C-4706-4DC9-A844-3F89E107C572}.Release|x64.Build.0 = Release|Any CPU
		{6FFCC44C-DED4-4D9F-9CB5-381AD0C131A5}.Debug|Any CPU.ActiveCfg = Debug|Any CPU
		{6FFCC44C-DED4-4D9F-9CB5-381AD0C131A5}.Debug|Any CPU.Build.0 = Debug|Any CPU
		{6FFCC44C-DED4-4D9F-9CB5-381AD0C131A5}.Debug|x64.ActiveCfg = Debug|Any CPU
		{6FFCC44C-DED4-4D9F-9CB5-381AD0C131A5}.Debug|x64.Build.0 = Debug|Any CPU
		{6FFCC44C-DED4-4D9F-9CB5-381AD0C131A5}.Release|Any CPU.ActiveCfg = Release|Any CPU
		{6FFCC44C-DED4-4D9F-9CB5-381AD0C131A5}.Release|Any CPU.Build.0 = Release|Any CPU
		{6FFCC44C-DED4-4D9F-9CB5-381AD0C131A5}.Release|x64.ActiveCfg = Release|Any CPU
		{6FFCC44C-DED4-4D9F-9CB5-381AD0C131A5}.Release|x64.Build.0 = Release|Any CPU
		{84347C0F-7563-498A-9A62-03C39AB32FF1}.Debug|Any CPU.ActiveCfg = Debug|Any CPU
		{84347C0F-7563-498A-9A62-03C39AB32FF1}.Debug|Any CPU.Build.0 = Debug|Any CPU
		{84347C0F-7563-498A-9A62-03C39AB32FF1}.Debug|x64.ActiveCfg = Debug|Any CPU
		{84347C0F-7563-498A-9A62-03C39AB32FF1}.Debug|x64.Build.0 = Debug|Any CPU
		{84347C0F-7563-498A-9A62-03C39AB32FF1}.Release|Any CPU.ActiveCfg = Release|Any CPU
		{84347C0F-7563-498A-9A62-03C39AB32FF1}.Release|Any CPU.Build.0 = Release|Any CPU
		{84347C0F-7563-498A-9A62-03C39AB32FF1}.Release|x64.ActiveCfg = Release|Any CPU
		{84347C0F-7563-498A-9A62-03C39AB32FF1}.Release|x64.Build.0 = Release|Any CPU
		{B4E46BDE-8332-4D1E-A352-C2CAFA57F63C}.Debug|Any CPU.ActiveCfg = Debug|x64
		{B4E46BDE-8332-4D1E-A352-C2CAFA57F63C}.Debug|Any CPU.Build.0 = Debug|x64
		{B4E46BDE-8332-4D1E-A352-C2CAFA57F63C}.Debug|Any CPU.Deploy.0 = Debug|x64
		{B4E46BDE-8332-4D1E-A352-C2CAFA57F63C}.Debug|x64.ActiveCfg = Debug|x64
		{B4E46BDE-8332-4D1E-A352-C2CAFA57F63C}.Debug|x64.Build.0 = Debug|x64
		{B4E46BDE-8332-4D1E-A352-C2CAFA57F63C}.Debug|x64.Deploy.0 = Debug|x64
		{B4E46BDE-8332-4D1E-A352-C2CAFA57F63C}.Release|Any CPU.ActiveCfg = Release|x64
		{B4E46BDE-8332-4D1E-A352-C2CAFA57F63C}.Release|Any CPU.Build.0 = Release|x64
		{B4E46BDE-8332-4D1E-A352-C2CAFA57F63C}.Release|x64.ActiveCfg = Release|x64
		{B4E46BDE-8332-4D1E-A352-C2CAFA57F63C}.Release|x64.Build.0 = Release|x64
		{B4E46BDE-8332-4D1E-A352-C2CAFA57F63C}.Release|x64.Deploy.0 = Release|x64
		{8DEA5200-6C7A-412B-A9F7-A3C521CB800A}.Debug|Any CPU.ActiveCfg = Debug|x64
		{8DEA5200-6C7A-412B-A9F7-A3C521CB800A}.Debug|Any CPU.Build.0 = Debug|x64
		{8DEA5200-6C7A-412B-A9F7-A3C521CB800A}.Debug|x64.ActiveCfg = Debug|x64
		{8DEA5200-6C7A-412B-A9F7-A3C521CB800A}.Debug|x64.Build.0 = Debug|x64
		{8DEA5200-6C7A-412B-A9F7-A3C521CB800A}.Release|Any CPU.ActiveCfg = Release|x64
		{8DEA5200-6C7A-412B-A9F7-A3C521CB800A}.Release|Any CPU.Build.0 = Release|x64
		{8DEA5200-6C7A-412B-A9F7-A3C521CB800A}.Release|x64.ActiveCfg = Release|x64
		{8DEA5200-6C7A-412B-A9F7-A3C521CB800A}.Release|x64.Build.0 = Release|x64
		{E90DB834-3D93-4976-9B2B-38E0455AF3FC}.Debug|Any CPU.ActiveCfg = Debug|Any CPU
		{E90DB834-3D93-4976-9B2B-38E0455AF3FC}.Debug|Any CPU.Build.0 = Debug|Any CPU
		{E90DB834-3D93-4976-9B2B-38E0455AF3FC}.Debug|x64.ActiveCfg = Debug|Any CPU
		{E90DB834-3D93-4976-9B2B-38E0455AF3FC}.Debug|x64.Build.0 = Debug|Any CPU
		{E90DB834-3D93-4976-9B2B-38E0455AF3FC}.Release|Any CPU.ActiveCfg = Release|Any CPU
		{E90DB834-3D93-4976-9B2B-38E0455AF3FC}.Release|Any CPU.Build.0 = Release|Any CPU
		{E90DB834-3D93-4976-9B2B-38E0455AF3FC}.Release|x64.ActiveCfg = Release|Any CPU
		{E90DB834-3D93-4976-9B2B-38E0455AF3FC}.Release|x64.Build.0 = Release|Any CPU
		{79FBA70B-AB9E-4B43-B850-9CF41340B638}.Debug|Any CPU.ActiveCfg = Debug|Any CPU
		{79FBA70B-AB9E-4B43-B850-9CF41340B638}.Debug|Any CPU.Build.0 = Debug|Any CPU
		{79FBA70B-AB9E-4B43-B850-9CF41340B638}.Debug|x64.ActiveCfg = Debug|Any CPU
		{79FBA70B-AB9E-4B43-B850-9CF41340B638}.Debug|x64.Build.0 = Debug|Any CPU
		{79FBA70B-AB9E-4B43-B850-9CF41340B638}.Release|Any CPU.ActiveCfg = Release|Any CPU
		{79FBA70B-AB9E-4B43-B850-9CF41340B638}.Release|Any CPU.Build.0 = Release|Any CPU
		{79FBA70B-AB9E-4B43-B850-9CF41340B638}.Release|x64.ActiveCfg = Release|Any CPU
		{79FBA70B-AB9E-4B43-B850-9CF41340B638}.Release|x64.Build.0 = Release|Any CPU
		{799CCC9B-2AB7-46C5-8902-43DF0920FB87}.Debug|Any CPU.ActiveCfg = Debug|Any CPU
		{799CCC9B-2AB7-46C5-8902-43DF0920FB87}.Debug|Any CPU.Build.0 = Debug|Any CPU
		{799CCC9B-2AB7-46C5-8902-43DF0920FB87}.Debug|x64.ActiveCfg = Debug|Any CPU
		{799CCC9B-2AB7-46C5-8902-43DF0920FB87}.Debug|x64.Build.0 = Debug|Any CPU
		{799CCC9B-2AB7-46C5-8902-43DF0920FB87}.Release|Any CPU.ActiveCfg = Release|Any CPU
		{799CCC9B-2AB7-46C5-8902-43DF0920FB87}.Release|Any CPU.Build.0 = Release|Any CPU
		{799CCC9B-2AB7-46C5-8902-43DF0920FB87}.Release|x64.ActiveCfg = Release|Any CPU
		{799CCC9B-2AB7-46C5-8902-43DF0920FB87}.Release|x64.Build.0 = Release|Any CPU
		{0E887833-4059-48B2-9D89-8E6B5955926D}.Debug|Any CPU.ActiveCfg = Debug|Any CPU
		{0E887833-4059-48B2-9D89-8E6B5955926D}.Debug|Any CPU.Build.0 = Debug|Any CPU
		{0E887833-4059-48B2-9D89-8E6B5955926D}.Debug|x64.ActiveCfg = Debug|Any CPU
		{0E887833-4059-48B2-9D89-8E6B5955926D}.Debug|x64.Build.0 = Debug|Any CPU
		{0E887833-4059-48B2-9D89-8E6B5955926D}.Release|Any CPU.ActiveCfg = Release|Any CPU
		{0E887833-4059-48B2-9D89-8E6B5955926D}.Release|Any CPU.Build.0 = Release|Any CPU
		{0E887833-4059-48B2-9D89-8E6B5955926D}.Release|x64.ActiveCfg = Release|Any CPU
		{0E887833-4059-48B2-9D89-8E6B5955926D}.Release|x64.Build.0 = Release|Any CPU
		{7325DFAA-0951-4939-B28B-35F9CF52D705}.Debug|Any CPU.ActiveCfg = Debug|Any CPU
		{7325DFAA-0951-4939-B28B-35F9CF52D705}.Debug|Any CPU.Build.0 = Debug|Any CPU
		{7325DFAA-0951-4939-B28B-35F9CF52D705}.Debug|x64.ActiveCfg = Debug|Any CPU
		{7325DFAA-0951-4939-B28B-35F9CF52D705}.Debug|x64.Build.0 = Debug|Any CPU
		{7325DFAA-0951-4939-B28B-35F9CF52D705}.Release|Any CPU.ActiveCfg = Release|Any CPU
		{7325DFAA-0951-4939-B28B-35F9CF52D705}.Release|Any CPU.Build.0 = Release|Any CPU
		{7325DFAA-0951-4939-B28B-35F9CF52D705}.Release|x64.ActiveCfg = Release|Any CPU
		{7325DFAA-0951-4939-B28B-35F9CF52D705}.Release|x64.Build.0 = Release|Any CPU
		{F616E12A-443B-43BA-9485-8D23369B045A}.Debug|Any CPU.ActiveCfg = Debug|Any CPU
		{F616E12A-443B-43BA-9485-8D23369B045A}.Debug|Any CPU.Build.0 = Debug|Any CPU
		{F616E12A-443B-43BA-9485-8D23369B045A}.Debug|x64.ActiveCfg = Debug|Any CPU
		{F616E12A-443B-43BA-9485-8D23369B045A}.Debug|x64.Build.0 = Debug|Any CPU
		{F616E12A-443B-43BA-9485-8D23369B045A}.Release|Any CPU.ActiveCfg = Release|Any CPU
		{F616E12A-443B-43BA-9485-8D23369B045A}.Release|Any CPU.Build.0 = Release|Any CPU
		{F616E12A-443B-43BA-9485-8D23369B045A}.Release|x64.ActiveCfg = Release|Any CPU
		{F616E12A-443B-43BA-9485-8D23369B045A}.Release|x64.Build.0 = Release|Any CPU
		{18181B4F-2F82-4A33-BE2D-D4C2DE668C3A}.Debug|Any CPU.ActiveCfg = Debug|Any CPU
		{18181B4F-2F82-4A33-BE2D-D4C2DE668C3A}.Debug|Any CPU.Build.0 = Debug|Any CPU
		{18181B4F-2F82-4A33-BE2D-D4C2DE668C3A}.Debug|x64.ActiveCfg = Debug|Any CPU
		{18181B4F-2F82-4A33-BE2D-D4C2DE668C3A}.Debug|x64.Build.0 = Debug|Any CPU
		{18181B4F-2F82-4A33-BE2D-D4C2DE668C3A}.Release|Any CPU.ActiveCfg = Release|Any CPU
		{18181B4F-2F82-4A33-BE2D-D4C2DE668C3A}.Release|Any CPU.Build.0 = Release|Any CPU
		{18181B4F-2F82-4A33-BE2D-D4C2DE668C3A}.Release|x64.ActiveCfg = Release|Any CPU
		{18181B4F-2F82-4A33-BE2D-D4C2DE668C3A}.Release|x64.Build.0 = Release|Any CPU
		{FA8A61AC-D6EA-4DC1-A868-404131355172}.Debug|Any CPU.ActiveCfg = Debug|Any CPU
		{FA8A61AC-D6EA-4DC1-A868-404131355172}.Debug|Any CPU.Build.0 = Debug|Any CPU
		{FA8A61AC-D6EA-4DC1-A868-404131355172}.Debug|x64.ActiveCfg = Debug|Any CPU
		{FA8A61AC-D6EA-4DC1-A868-404131355172}.Debug|x64.Build.0 = Debug|Any CPU
		{FA8A61AC-D6EA-4DC1-A868-404131355172}.Release|Any CPU.ActiveCfg = Release|Any CPU
		{FA8A61AC-D6EA-4DC1-A868-404131355172}.Release|Any CPU.Build.0 = Release|Any CPU
		{FA8A61AC-D6EA-4DC1-A868-404131355172}.Release|x64.ActiveCfg = Release|Any CPU
		{FA8A61AC-D6EA-4DC1-A868-404131355172}.Release|x64.Build.0 = Release|Any CPU
		{BF1CCA26-05D9-48AA-9720-469964C3CB4F}.Debug|Any CPU.ActiveCfg = Debug|Any CPU
		{BF1CCA26-05D9-48AA-9720-469964C3CB4F}.Debug|Any CPU.Build.0 = Debug|Any CPU
		{BF1CCA26-05D9-48AA-9720-469964C3CB4F}.Debug|x64.ActiveCfg = Debug|Any CPU
		{BF1CCA26-05D9-48AA-9720-469964C3CB4F}.Debug|x64.Build.0 = Debug|Any CPU
		{BF1CCA26-05D9-48AA-9720-469964C3CB4F}.Release|Any CPU.ActiveCfg = Release|Any CPU
		{BF1CCA26-05D9-48AA-9720-469964C3CB4F}.Release|Any CPU.Build.0 = Release|Any CPU
		{BF1CCA26-05D9-48AA-9720-469964C3CB4F}.Release|x64.ActiveCfg = Release|Any CPU
		{BF1CCA26-05D9-48AA-9720-469964C3CB4F}.Release|x64.Build.0 = Release|Any CPU
		{6160EF92-900E-4375-BF2B-C2A146135DFF}.Debug|Any CPU.ActiveCfg = Debug|Any CPU
		{6160EF92-900E-4375-BF2B-C2A146135DFF}.Debug|Any CPU.Build.0 = Debug|Any CPU
		{6160EF92-900E-4375-BF2B-C2A146135DFF}.Debug|x64.ActiveCfg = Debug|Any CPU
		{6160EF92-900E-4375-BF2B-C2A146135DFF}.Debug|x64.Build.0 = Debug|Any CPU
		{6160EF92-900E-4375-BF2B-C2A146135DFF}.Release|Any CPU.ActiveCfg = Release|Any CPU
		{6160EF92-900E-4375-BF2B-C2A146135DFF}.Release|Any CPU.Build.0 = Release|Any CPU
		{6160EF92-900E-4375-BF2B-C2A146135DFF}.Release|x64.ActiveCfg = Release|Any CPU
		{6160EF92-900E-4375-BF2B-C2A146135DFF}.Release|x64.Build.0 = Release|Any CPU
		{A7180F50-2A4C-4DE1-8FC9-0A1FF4AEE486}.Debug|Any CPU.ActiveCfg = Debug|Any CPU
		{A7180F50-2A4C-4DE1-8FC9-0A1FF4AEE486}.Debug|Any CPU.Build.0 = Debug|Any CPU
		{A7180F50-2A4C-4DE1-8FC9-0A1FF4AEE486}.Debug|x64.ActiveCfg = Debug|Any CPU
		{A7180F50-2A4C-4DE1-8FC9-0A1FF4AEE486}.Debug|x64.Build.0 = Debug|Any CPU
		{A7180F50-2A4C-4DE1-8FC9-0A1FF4AEE486}.Release|Any CPU.ActiveCfg = Release|Any CPU
		{A7180F50-2A4C-4DE1-8FC9-0A1FF4AEE486}.Release|Any CPU.Build.0 = Release|Any CPU
		{A7180F50-2A4C-4DE1-8FC9-0A1FF4AEE486}.Release|x64.ActiveCfg = Release|Any CPU
		{A7180F50-2A4C-4DE1-8FC9-0A1FF4AEE486}.Release|x64.Build.0 = Release|Any CPU
		{C689298D-2732-42F2-A881-76F14D18B67A}.Debug|Any CPU.ActiveCfg = Debug|Any CPU
		{C689298D-2732-42F2-A881-76F14D18B67A}.Debug|Any CPU.Build.0 = Debug|Any CPU
		{C689298D-2732-42F2-A881-76F14D18B67A}.Debug|x64.ActiveCfg = Debug|Any CPU
		{C689298D-2732-42F2-A881-76F14D18B67A}.Debug|x64.Build.0 = Debug|Any CPU
		{C689298D-2732-42F2-A881-76F14D18B67A}.Release|Any CPU.ActiveCfg = Release|Any CPU
		{C689298D-2732-42F2-A881-76F14D18B67A}.Release|Any CPU.Build.0 = Release|Any CPU
		{C689298D-2732-42F2-A881-76F14D18B67A}.Release|x64.ActiveCfg = Release|Any CPU
		{C689298D-2732-42F2-A881-76F14D18B67A}.Release|x64.Build.0 = Release|Any CPU
		{87A0C5A1-43C5-4E45-A386-5047F727F9F9}.Debug|Any CPU.ActiveCfg = Debug|Any CPU
		{87A0C5A1-43C5-4E45-A386-5047F727F9F9}.Debug|Any CPU.Build.0 = Debug|Any CPU
		{87A0C5A1-43C5-4E45-A386-5047F727F9F9}.Debug|x64.ActiveCfg = Debug|Any CPU
		{87A0C5A1-43C5-4E45-A386-5047F727F9F9}.Debug|x64.Build.0 = Debug|Any CPU
		{87A0C5A1-43C5-4E45-A386-5047F727F9F9}.Release|Any CPU.ActiveCfg = Release|Any CPU
		{87A0C5A1-43C5-4E45-A386-5047F727F9F9}.Release|Any CPU.Build.0 = Release|Any CPU
		{87A0C5A1-43C5-4E45-A386-5047F727F9F9}.Release|x64.ActiveCfg = Release|Any CPU
		{87A0C5A1-43C5-4E45-A386-5047F727F9F9}.Release|x64.Build.0 = Release|Any CPU
		{AA07D3E6-9551-4ED6-9B9A-1A4B9BA726D4}.Debug|Any CPU.ActiveCfg = Debug|Any CPU
		{AA07D3E6-9551-4ED6-9B9A-1A4B9BA726D4}.Debug|Any CPU.Build.0 = Debug|Any CPU
		{AA07D3E6-9551-4ED6-9B9A-1A4B9BA726D4}.Debug|x64.ActiveCfg = Debug|Any CPU
		{AA07D3E6-9551-4ED6-9B9A-1A4B9BA726D4}.Debug|x64.Build.0 = Debug|Any CPU
		{AA07D3E6-9551-4ED6-9B9A-1A4B9BA726D4}.Release|Any CPU.ActiveCfg = Release|Any CPU
		{AA07D3E6-9551-4ED6-9B9A-1A4B9BA726D4}.Release|Any CPU.Build.0 = Release|Any CPU
		{AA07D3E6-9551-4ED6-9B9A-1A4B9BA726D4}.Release|x64.ActiveCfg = Release|Any CPU
		{AA07D3E6-9551-4ED6-9B9A-1A4B9BA726D4}.Release|x64.Build.0 = Release|Any CPU
		{75ABAD66-2332-4007-8BE5-F3EF2C7B7717}.Debug|Any CPU.ActiveCfg = Debug|Any CPU
		{75ABAD66-2332-4007-8BE5-F3EF2C7B7717}.Debug|Any CPU.Build.0 = Debug|Any CPU
		{75ABAD66-2332-4007-8BE5-F3EF2C7B7717}.Debug|x64.ActiveCfg = Debug|Any CPU
		{75ABAD66-2332-4007-8BE5-F3EF2C7B7717}.Debug|x64.Build.0 = Debug|Any CPU
		{75ABAD66-2332-4007-8BE5-F3EF2C7B7717}.Release|Any CPU.ActiveCfg = Release|Any CPU
		{75ABAD66-2332-4007-8BE5-F3EF2C7B7717}.Release|Any CPU.Build.0 = Release|Any CPU
		{75ABAD66-2332-4007-8BE5-F3EF2C7B7717}.Release|x64.ActiveCfg = Release|Any CPU
		{75ABAD66-2332-4007-8BE5-F3EF2C7B7717}.Release|x64.Build.0 = Release|Any CPU
		{4C7C6C0C-B161-4210-98E8-E45CB160D334}.Debug|Any CPU.ActiveCfg = Debug|Any CPU
		{4C7C6C0C-B161-4210-98E8-E45CB160D334}.Debug|Any CPU.Build.0 = Debug|Any CPU
		{4C7C6C0C-B161-4210-98E8-E45CB160D334}.Debug|x64.ActiveCfg = Debug|Any CPU
		{4C7C6C0C-B161-4210-98E8-E45CB160D334}.Debug|x64.Build.0 = Debug|Any CPU
		{4C7C6C0C-B161-4210-98E8-E45CB160D334}.Release|Any CPU.ActiveCfg = Release|Any CPU
		{4C7C6C0C-B161-4210-98E8-E45CB160D334}.Release|Any CPU.Build.0 = Release|Any CPU
		{4C7C6C0C-B161-4210-98E8-E45CB160D334}.Release|x64.ActiveCfg = Release|Any CPU
		{4C7C6C0C-B161-4210-98E8-E45CB160D334}.Release|x64.Build.0 = Release|Any CPU
		{3E9F4192-8E5A-4943-B67A-5D18FEDDA29D}.Debug|Any CPU.ActiveCfg = Debug|Any CPU
		{3E9F4192-8E5A-4943-B67A-5D18FEDDA29D}.Debug|Any CPU.Build.0 = Debug|Any CPU
		{3E9F4192-8E5A-4943-B67A-5D18FEDDA29D}.Debug|x64.ActiveCfg = Debug|Any CPU
		{3E9F4192-8E5A-4943-B67A-5D18FEDDA29D}.Debug|x64.Build.0 = Debug|Any CPU
		{3E9F4192-8E5A-4943-B67A-5D18FEDDA29D}.Release|Any CPU.ActiveCfg = Release|Any CPU
		{3E9F4192-8E5A-4943-B67A-5D18FEDDA29D}.Release|Any CPU.Build.0 = Release|Any CPU
		{3E9F4192-8E5A-4943-B67A-5D18FEDDA29D}.Release|x64.ActiveCfg = Release|Any CPU
		{3E9F4192-8E5A-4943-B67A-5D18FEDDA29D}.Release|x64.Build.0 = Release|Any CPU
		{2C50C386-5AA9-4C09-8C57-A035C16702B1}.Debug|Any CPU.ActiveCfg = Debug|Any CPU
		{2C50C386-5AA9-4C09-8C57-A035C16702B1}.Debug|Any CPU.Build.0 = Debug|Any CPU
		{2C50C386-5AA9-4C09-8C57-A035C16702B1}.Debug|x64.ActiveCfg = Debug|Any CPU
		{2C50C386-5AA9-4C09-8C57-A035C16702B1}.Debug|x64.Build.0 = Debug|Any CPU
		{2C50C386-5AA9-4C09-8C57-A035C16702B1}.Release|Any CPU.ActiveCfg = Release|Any CPU
		{2C50C386-5AA9-4C09-8C57-A035C16702B1}.Release|Any CPU.Build.0 = Release|Any CPU
		{2C50C386-5AA9-4C09-8C57-A035C16702B1}.Release|x64.ActiveCfg = Release|Any CPU
		{2C50C386-5AA9-4C09-8C57-A035C16702B1}.Release|x64.Build.0 = Release|Any CPU
		{5E68FA76-DC6C-4417-A51A-2D7E85938773}.Debug|Any CPU.ActiveCfg = Debug|Any CPU
		{5E68FA76-DC6C-4417-A51A-2D7E85938773}.Debug|Any CPU.Build.0 = Debug|Any CPU
		{5E68FA76-DC6C-4417-A51A-2D7E85938773}.Debug|x64.ActiveCfg = Debug|Any CPU
		{5E68FA76-DC6C-4417-A51A-2D7E85938773}.Debug|x64.Build.0 = Debug|Any CPU
		{5E68FA76-DC6C-4417-A51A-2D7E85938773}.Release|Any CPU.ActiveCfg = Release|Any CPU
		{5E68FA76-DC6C-4417-A51A-2D7E85938773}.Release|Any CPU.Build.0 = Release|Any CPU
		{5E68FA76-DC6C-4417-A51A-2D7E85938773}.Release|x64.ActiveCfg = Release|Any CPU
		{5E68FA76-DC6C-4417-A51A-2D7E85938773}.Release|x64.Build.0 = Release|Any CPU
		{CB60F6CA-05F2-4755-8C19-DC1270CE2154}.Debug|Any CPU.ActiveCfg = Debug|Any CPU
		{CB60F6CA-05F2-4755-8C19-DC1270CE2154}.Debug|Any CPU.Build.0 = Debug|Any CPU
		{CB60F6CA-05F2-4755-8C19-DC1270CE2154}.Debug|x64.ActiveCfg = Debug|Any CPU
		{CB60F6CA-05F2-4755-8C19-DC1270CE2154}.Debug|x64.Build.0 = Debug|Any CPU
		{CB60F6CA-05F2-4755-8C19-DC1270CE2154}.Release|Any CPU.ActiveCfg = Release|Any CPU
		{CB60F6CA-05F2-4755-8C19-DC1270CE2154}.Release|Any CPU.Build.0 = Release|Any CPU
		{CB60F6CA-05F2-4755-8C19-DC1270CE2154}.Release|x64.ActiveCfg = Release|Any CPU
		{CB60F6CA-05F2-4755-8C19-DC1270CE2154}.Release|x64.Build.0 = Release|Any CPU
		{66BFFDDC-F768-4668-847E-05D31EF41807}.Debug|Any CPU.ActiveCfg = Debug|Any CPU
		{66BFFDDC-F768-4668-847E-05D31EF41807}.Debug|Any CPU.Build.0 = Debug|Any CPU
		{66BFFDDC-F768-4668-847E-05D31EF41807}.Debug|x64.ActiveCfg = Debug|Any CPU
		{66BFFDDC-F768-4668-847E-05D31EF41807}.Debug|x64.Build.0 = Debug|Any CPU
		{66BFFDDC-F768-4668-847E-05D31EF41807}.Release|Any CPU.ActiveCfg = Release|Any CPU
		{66BFFDDC-F768-4668-847E-05D31EF41807}.Release|Any CPU.Build.0 = Release|Any CPU
		{66BFFDDC-F768-4668-847E-05D31EF41807}.Release|x64.ActiveCfg = Release|Any CPU
		{66BFFDDC-F768-4668-847E-05D31EF41807}.Release|x64.Build.0 = Release|Any CPU
		{94969EEF-9359-4E2A-946E-A10A39A21FD3}.Debug|Any CPU.ActiveCfg = Debug|Any CPU
		{94969EEF-9359-4E2A-946E-A10A39A21FD3}.Debug|Any CPU.Build.0 = Debug|Any CPU
		{94969EEF-9359-4E2A-946E-A10A39A21FD3}.Debug|x64.ActiveCfg = Debug|Any CPU
		{94969EEF-9359-4E2A-946E-A10A39A21FD3}.Debug|x64.Build.0 = Debug|Any CPU
		{94969EEF-9359-4E2A-946E-A10A39A21FD3}.Release|Any CPU.ActiveCfg = Release|Any CPU
		{94969EEF-9359-4E2A-946E-A10A39A21FD3}.Release|Any CPU.Build.0 = Release|Any CPU
		{94969EEF-9359-4E2A-946E-A10A39A21FD3}.Release|x64.ActiveCfg = Release|Any CPU
		{94969EEF-9359-4E2A-946E-A10A39A21FD3}.Release|x64.Build.0 = Release|Any CPU
		{A231A564-562C-4D65-A793-3AA589C20C0E}.Debug|Any CPU.ActiveCfg = Debug|Any CPU
		{A231A564-562C-4D65-A793-3AA589C20C0E}.Debug|Any CPU.Build.0 = Debug|Any CPU
		{A231A564-562C-4D65-A793-3AA589C20C0E}.Debug|x64.ActiveCfg = Debug|Any CPU
		{A231A564-562C-4D65-A793-3AA589C20C0E}.Debug|x64.Build.0 = Debug|Any CPU
		{A231A564-562C-4D65-A793-3AA589C20C0E}.Release|Any CPU.ActiveCfg = Release|Any CPU
		{A231A564-562C-4D65-A793-3AA589C20C0E}.Release|Any CPU.Build.0 = Release|Any CPU
		{A231A564-562C-4D65-A793-3AA589C20C0E}.Release|x64.ActiveCfg = Release|Any CPU
		{A231A564-562C-4D65-A793-3AA589C20C0E}.Release|x64.Build.0 = Release|Any CPU
		{95AFD0A4-A999-4C10-A299-AB3F2D496A4B}.Debug|Any CPU.ActiveCfg = Debug|Any CPU
		{95AFD0A4-A999-4C10-A299-AB3F2D496A4B}.Debug|Any CPU.Build.0 = Debug|Any CPU
		{95AFD0A4-A999-4C10-A299-AB3F2D496A4B}.Debug|x64.ActiveCfg = Debug|Any CPU
		{95AFD0A4-A999-4C10-A299-AB3F2D496A4B}.Debug|x64.Build.0 = Debug|Any CPU
		{95AFD0A4-A999-4C10-A299-AB3F2D496A4B}.Release|Any CPU.ActiveCfg = Release|Any CPU
		{95AFD0A4-A999-4C10-A299-AB3F2D496A4B}.Release|Any CPU.Build.0 = Release|Any CPU
		{95AFD0A4-A999-4C10-A299-AB3F2D496A4B}.Release|x64.ActiveCfg = Release|Any CPU
		{95AFD0A4-A999-4C10-A299-AB3F2D496A4B}.Release|x64.Build.0 = Release|Any CPU
		{C1CB3ABE-1DA4-45A1-AD7A-01802F5A6AB2}.Debug|Any CPU.ActiveCfg = Debug|Any CPU
		{C1CB3ABE-1DA4-45A1-AD7A-01802F5A6AB2}.Debug|Any CPU.Build.0 = Debug|Any CPU
		{C1CB3ABE-1DA4-45A1-AD7A-01802F5A6AB2}.Debug|x64.ActiveCfg = Debug|Any CPU
		{C1CB3ABE-1DA4-45A1-AD7A-01802F5A6AB2}.Debug|x64.Build.0 = Debug|Any CPU
		{C1CB3ABE-1DA4-45A1-AD7A-01802F5A6AB2}.Release|Any CPU.ActiveCfg = Release|Any CPU
		{C1CB3ABE-1DA4-45A1-AD7A-01802F5A6AB2}.Release|Any CPU.Build.0 = Release|Any CPU
		{C1CB3ABE-1DA4-45A1-AD7A-01802F5A6AB2}.Release|x64.ActiveCfg = Release|Any CPU
		{C1CB3ABE-1DA4-45A1-AD7A-01802F5A6AB2}.Release|x64.Build.0 = Release|Any CPU
		{45BDA50F-68AC-4C41-8B86-3408944FEF32}.Debug|Any CPU.ActiveCfg = Debug|Any CPU
		{45BDA50F-68AC-4C41-8B86-3408944FEF32}.Debug|Any CPU.Build.0 = Debug|Any CPU
		{45BDA50F-68AC-4C41-8B86-3408944FEF32}.Debug|x64.ActiveCfg = Debug|Any CPU
		{45BDA50F-68AC-4C41-8B86-3408944FEF32}.Debug|x64.Build.0 = Debug|Any CPU
		{45BDA50F-68AC-4C41-8B86-3408944FEF32}.Release|Any CPU.ActiveCfg = Release|Any CPU
		{45BDA50F-68AC-4C41-8B86-3408944FEF32}.Release|Any CPU.Build.0 = Release|Any CPU
		{45BDA50F-68AC-4C41-8B86-3408944FEF32}.Release|x64.ActiveCfg = Release|Any CPU
		{45BDA50F-68AC-4C41-8B86-3408944FEF32}.Release|x64.Build.0 = Release|Any CPU
		{35DF8506-F766-484C-9B7F-0C661FCD4825}.Debug|Any CPU.ActiveCfg = Debug|Any CPU
		{35DF8506-F766-484C-9B7F-0C661FCD4825}.Debug|Any CPU.Build.0 = Debug|Any CPU
		{35DF8506-F766-484C-9B7F-0C661FCD4825}.Debug|x64.ActiveCfg = Debug|Any CPU
		{35DF8506-F766-484C-9B7F-0C661FCD4825}.Debug|x64.Build.0 = Debug|Any CPU
		{35DF8506-F766-484C-9B7F-0C661FCD4825}.Release|Any CPU.ActiveCfg = Release|Any CPU
		{35DF8506-F766-484C-9B7F-0C661FCD4825}.Release|Any CPU.Build.0 = Release|Any CPU
		{35DF8506-F766-484C-9B7F-0C661FCD4825}.Release|x64.ActiveCfg = Release|Any CPU
		{35DF8506-F766-484C-9B7F-0C661FCD4825}.Release|x64.Build.0 = Release|Any CPU
		{A60BCD53-4D89-491E-B96C-BA4FA587519D}.Debug|Any CPU.ActiveCfg = Debug|Any CPU
		{A60BCD53-4D89-491E-B96C-BA4FA587519D}.Debug|Any CPU.Build.0 = Debug|Any CPU
		{A60BCD53-4D89-491E-B96C-BA4FA587519D}.Debug|x64.ActiveCfg = Debug|Any CPU
		{A60BCD53-4D89-491E-B96C-BA4FA587519D}.Debug|x64.Build.0 = Debug|Any CPU
		{A60BCD53-4D89-491E-B96C-BA4FA587519D}.Release|Any CPU.ActiveCfg = Release|Any CPU
		{A60BCD53-4D89-491E-B96C-BA4FA587519D}.Release|Any CPU.Build.0 = Release|Any CPU
		{A60BCD53-4D89-491E-B96C-BA4FA587519D}.Release|x64.ActiveCfg = Release|Any CPU
		{A60BCD53-4D89-491E-B96C-BA4FA587519D}.Release|x64.Build.0 = Release|Any CPU
		{B4DF491C-09B4-47E9-9096-19124CD92116}.Debug|Any CPU.ActiveCfg = Debug|Any CPU
		{B4DF491C-09B4-47E9-9096-19124CD92116}.Debug|Any CPU.Build.0 = Debug|Any CPU
		{B4DF491C-09B4-47E9-9096-19124CD92116}.Debug|x64.ActiveCfg = Debug|Any CPU
		{B4DF491C-09B4-47E9-9096-19124CD92116}.Debug|x64.Build.0 = Debug|Any CPU
		{B4DF491C-09B4-47E9-9096-19124CD92116}.Release|Any CPU.ActiveCfg = Release|Any CPU
		{B4DF491C-09B4-47E9-9096-19124CD92116}.Release|Any CPU.Build.0 = Release|Any CPU
		{B4DF491C-09B4-47E9-9096-19124CD92116}.Release|x64.ActiveCfg = Release|Any CPU
		{B4DF491C-09B4-47E9-9096-19124CD92116}.Release|x64.Build.0 = Release|Any CPU
		{7000024C-A1E4-4431-9BF8-E0C9282ADDE7}.Debug|Any CPU.ActiveCfg = Debug|Any CPU
		{7000024C-A1E4-4431-9BF8-E0C9282ADDE7}.Debug|Any CPU.Build.0 = Debug|Any CPU
		{7000024C-A1E4-4431-9BF8-E0C9282ADDE7}.Debug|x64.ActiveCfg = Debug|Any CPU
		{7000024C-A1E4-4431-9BF8-E0C9282ADDE7}.Debug|x64.Build.0 = Debug|Any CPU
		{7000024C-A1E4-4431-9BF8-E0C9282ADDE7}.Release|Any CPU.ActiveCfg = Release|Any CPU
		{7000024C-A1E4-4431-9BF8-E0C9282ADDE7}.Release|Any CPU.Build.0 = Release|Any CPU
		{7000024C-A1E4-4431-9BF8-E0C9282ADDE7}.Release|x64.ActiveCfg = Release|Any CPU
		{7000024C-A1E4-4431-9BF8-E0C9282ADDE7}.Release|x64.Build.0 = Release|Any CPU
		{7952E124-A097-4DA2-B78B-F0BA318C4F80}.Debug|Any CPU.ActiveCfg = Debug|Any CPU
		{7952E124-A097-4DA2-B78B-F0BA318C4F80}.Debug|Any CPU.Build.0 = Debug|Any CPU
		{7952E124-A097-4DA2-B78B-F0BA318C4F80}.Debug|x64.ActiveCfg = Debug|Any CPU
		{7952E124-A097-4DA2-B78B-F0BA318C4F80}.Debug|x64.Build.0 = Debug|Any CPU
		{7952E124-A097-4DA2-B78B-F0BA318C4F80}.Release|Any CPU.ActiveCfg = Release|Any CPU
		{7952E124-A097-4DA2-B78B-F0BA318C4F80}.Release|Any CPU.Build.0 = Release|Any CPU
		{7952E124-A097-4DA2-B78B-F0BA318C4F80}.Release|x64.ActiveCfg = Release|Any CPU
		{7952E124-A097-4DA2-B78B-F0BA318C4F80}.Release|x64.Build.0 = Release|Any CPU
		{BEB80E11-5079-431B-967F-45C86AB1A2B7}.Debug|Any CPU.ActiveCfg = Debug|Any CPU
		{BEB80E11-5079-431B-967F-45C86AB1A2B7}.Debug|Any CPU.Build.0 = Debug|Any CPU
		{BEB80E11-5079-431B-967F-45C86AB1A2B7}.Debug|x64.ActiveCfg = Debug|Any CPU
		{BEB80E11-5079-431B-967F-45C86AB1A2B7}.Debug|x64.Build.0 = Debug|Any CPU
		{BEB80E11-5079-431B-967F-45C86AB1A2B7}.Release|Any CPU.ActiveCfg = Release|Any CPU
		{BEB80E11-5079-431B-967F-45C86AB1A2B7}.Release|Any CPU.Build.0 = Release|Any CPU
		{BEB80E11-5079-431B-967F-45C86AB1A2B7}.Release|x64.ActiveCfg = Release|Any CPU
		{BEB80E11-5079-431B-967F-45C86AB1A2B7}.Release|x64.Build.0 = Release|Any CPU
		{187A217A-1927-4AB5-8499-A5256F90E5CA}.Debug|Any CPU.ActiveCfg = Debug|Any CPU
		{187A217A-1927-4AB5-8499-A5256F90E5CA}.Debug|Any CPU.Build.0 = Debug|Any CPU
		{187A217A-1927-4AB5-8499-A5256F90E5CA}.Debug|x64.ActiveCfg = Debug|Any CPU
		{187A217A-1927-4AB5-8499-A5256F90E5CA}.Debug|x64.Build.0 = Debug|Any CPU
		{187A217A-1927-4AB5-8499-A5256F90E5CA}.Release|Any CPU.ActiveCfg = Release|Any CPU
		{187A217A-1927-4AB5-8499-A5256F90E5CA}.Release|Any CPU.Build.0 = Release|Any CPU
		{187A217A-1927-4AB5-8499-A5256F90E5CA}.Release|x64.ActiveCfg = Release|Any CPU
		{187A217A-1927-4AB5-8499-A5256F90E5CA}.Release|x64.Build.0 = Release|Any CPU
		{F0A9ECDC-EEAA-4523-9DEA-20403DE182D6}.Debug|Any CPU.ActiveCfg = Debug|Any CPU
		{F0A9ECDC-EEAA-4523-9DEA-20403DE182D6}.Debug|Any CPU.Build.0 = Debug|Any CPU
		{F0A9ECDC-EEAA-4523-9DEA-20403DE182D6}.Debug|x64.ActiveCfg = Debug|Any CPU
		{F0A9ECDC-EEAA-4523-9DEA-20403DE182D6}.Debug|x64.Build.0 = Debug|Any CPU
		{F0A9ECDC-EEAA-4523-9DEA-20403DE182D6}.Release|Any CPU.ActiveCfg = Release|Any CPU
		{F0A9ECDC-EEAA-4523-9DEA-20403DE182D6}.Release|Any CPU.Build.0 = Release|Any CPU
		{F0A9ECDC-EEAA-4523-9DEA-20403DE182D6}.Release|x64.ActiveCfg = Release|Any CPU
		{F0A9ECDC-EEAA-4523-9DEA-20403DE182D6}.Release|x64.Build.0 = Release|Any CPU
		{F5A815AD-166C-46BB-BCC9-DB01BA7272B2}.Debug|Any CPU.ActiveCfg = Debug|Any CPU
		{F5A815AD-166C-46BB-BCC9-DB01BA7272B2}.Debug|Any CPU.Build.0 = Debug|Any CPU
		{F5A815AD-166C-46BB-BCC9-DB01BA7272B2}.Debug|x64.ActiveCfg = Debug|Any CPU
		{F5A815AD-166C-46BB-BCC9-DB01BA7272B2}.Debug|x64.Build.0 = Debug|Any CPU
		{F5A815AD-166C-46BB-BCC9-DB01BA7272B2}.Release|Any CPU.ActiveCfg = Release|Any CPU
		{F5A815AD-166C-46BB-BCC9-DB01BA7272B2}.Release|Any CPU.Build.0 = Release|Any CPU
		{F5A815AD-166C-46BB-BCC9-DB01BA7272B2}.Release|x64.ActiveCfg = Release|Any CPU
		{F5A815AD-166C-46BB-BCC9-DB01BA7272B2}.Release|x64.Build.0 = Release|Any CPU
		{FC1B7EE3-51CE-46F9-BEA4-69512A1D364A}.Debug|Any CPU.ActiveCfg = Debug|Any CPU
		{FC1B7EE3-51CE-46F9-BEA4-69512A1D364A}.Debug|Any CPU.Build.0 = Debug|Any CPU
		{FC1B7EE3-51CE-46F9-BEA4-69512A1D364A}.Debug|x64.ActiveCfg = Debug|Any CPU
		{FC1B7EE3-51CE-46F9-BEA4-69512A1D364A}.Debug|x64.Build.0 = Debug|Any CPU
		{FC1B7EE3-51CE-46F9-BEA4-69512A1D364A}.Release|Any CPU.ActiveCfg = Release|Any CPU
		{FC1B7EE3-51CE-46F9-BEA4-69512A1D364A}.Release|Any CPU.Build.0 = Release|Any CPU
		{FC1B7EE3-51CE-46F9-BEA4-69512A1D364A}.Release|x64.ActiveCfg = Release|Any CPU
		{FC1B7EE3-51CE-46F9-BEA4-69512A1D364A}.Release|x64.Build.0 = Release|Any CPU
		{7F3FF735-831D-41E0-9DCF-27D5CFF3D65F}.Debug|Any CPU.ActiveCfg = Debug|Any CPU
		{7F3FF735-831D-41E0-9DCF-27D5CFF3D65F}.Debug|Any CPU.Build.0 = Debug|Any CPU
		{7F3FF735-831D-41E0-9DCF-27D5CFF3D65F}.Debug|x64.ActiveCfg = Debug|Any CPU
		{7F3FF735-831D-41E0-9DCF-27D5CFF3D65F}.Debug|x64.Build.0 = Debug|Any CPU
		{7F3FF735-831D-41E0-9DCF-27D5CFF3D65F}.Release|Any CPU.ActiveCfg = Release|Any CPU
		{7F3FF735-831D-41E0-9DCF-27D5CFF3D65F}.Release|Any CPU.Build.0 = Release|Any CPU
		{7F3FF735-831D-41E0-9DCF-27D5CFF3D65F}.Release|x64.ActiveCfg = Release|Any CPU
		{7F3FF735-831D-41E0-9DCF-27D5CFF3D65F}.Release|x64.Build.0 = Release|Any CPU
		{6E5015DB-C65A-4471-B0EE-23E330E63BD8}.Debug|Any CPU.ActiveCfg = Debug|Any CPU
		{6E5015DB-C65A-4471-B0EE-23E330E63BD8}.Debug|Any CPU.Build.0 = Debug|Any CPU
		{6E5015DB-C65A-4471-B0EE-23E330E63BD8}.Debug|x64.ActiveCfg = Debug|Any CPU
		{6E5015DB-C65A-4471-B0EE-23E330E63BD8}.Debug|x64.Build.0 = Debug|Any CPU
		{6E5015DB-C65A-4471-B0EE-23E330E63BD8}.Release|Any CPU.ActiveCfg = Release|Any CPU
		{6E5015DB-C65A-4471-B0EE-23E330E63BD8}.Release|Any CPU.Build.0 = Release|Any CPU
		{6E5015DB-C65A-4471-B0EE-23E330E63BD8}.Release|x64.ActiveCfg = Release|Any CPU
		{6E5015DB-C65A-4471-B0EE-23E330E63BD8}.Release|x64.Build.0 = Release|Any CPU
		{32B385A7-0413-4606-957E-B87F4111B89D}.Debug|Any CPU.ActiveCfg = Debug|Any CPU
		{32B385A7-0413-4606-957E-B87F4111B89D}.Debug|Any CPU.Build.0 = Debug|Any CPU
		{32B385A7-0413-4606-957E-B87F4111B89D}.Debug|x64.ActiveCfg = Debug|Any CPU
		{32B385A7-0413-4606-957E-B87F4111B89D}.Debug|x64.Build.0 = Debug|Any CPU
		{32B385A7-0413-4606-957E-B87F4111B89D}.Release|Any CPU.ActiveCfg = Release|Any CPU
		{32B385A7-0413-4606-957E-B87F4111B89D}.Release|Any CPU.Build.0 = Release|Any CPU
		{32B385A7-0413-4606-957E-B87F4111B89D}.Release|x64.ActiveCfg = Release|Any CPU
		{32B385A7-0413-4606-957E-B87F4111B89D}.Release|x64.Build.0 = Release|Any CPU
		{BB5195AC-70B6-4A9D-A3CA-0236835894A7}.Debug|Any CPU.ActiveCfg = Debug|Any CPU
		{BB5195AC-70B6-4A9D-A3CA-0236835894A7}.Debug|Any CPU.Build.0 = Debug|Any CPU
		{BB5195AC-70B6-4A9D-A3CA-0236835894A7}.Debug|x64.ActiveCfg = Debug|Any CPU
		{BB5195AC-70B6-4A9D-A3CA-0236835894A7}.Debug|x64.Build.0 = Debug|Any CPU
		{BB5195AC-70B6-4A9D-A3CA-0236835894A7}.Release|Any CPU.ActiveCfg = Release|Any CPU
		{BB5195AC-70B6-4A9D-A3CA-0236835894A7}.Release|Any CPU.Build.0 = Release|Any CPU
		{BB5195AC-70B6-4A9D-A3CA-0236835894A7}.Release|x64.ActiveCfg = Release|Any CPU
		{BB5195AC-70B6-4A9D-A3CA-0236835894A7}.Release|x64.Build.0 = Release|Any CPU
		{F38F7522-2726-4298-9046-354685E8ED63}.Debug|Any CPU.ActiveCfg = Debug|Any CPU
		{F38F7522-2726-4298-9046-354685E8ED63}.Debug|Any CPU.Build.0 = Debug|Any CPU
		{F38F7522-2726-4298-9046-354685E8ED63}.Debug|x64.ActiveCfg = Debug|Any CPU
		{F38F7522-2726-4298-9046-354685E8ED63}.Debug|x64.Build.0 = Debug|Any CPU
		{F38F7522-2726-4298-9046-354685E8ED63}.Release|Any CPU.ActiveCfg = Release|Any CPU
		{F38F7522-2726-4298-9046-354685E8ED63}.Release|Any CPU.Build.0 = Release|Any CPU
		{F38F7522-2726-4298-9046-354685E8ED63}.Release|x64.ActiveCfg = Release|Any CPU
		{F38F7522-2726-4298-9046-354685E8ED63}.Release|x64.Build.0 = Release|Any CPU
		{72E558FE-FA60-4A54-8387-C866170E565A}.Debug|Any CPU.ActiveCfg = Debug|Any CPU
		{72E558FE-FA60-4A54-8387-C866170E565A}.Debug|Any CPU.Build.0 = Debug|Any CPU
		{72E558FE-FA60-4A54-8387-C866170E565A}.Debug|x64.ActiveCfg = Debug|Any CPU
		{72E558FE-FA60-4A54-8387-C866170E565A}.Debug|x64.Build.0 = Debug|Any CPU
		{72E558FE-FA60-4A54-8387-C866170E565A}.Release|Any CPU.ActiveCfg = Release|Any CPU
		{72E558FE-FA60-4A54-8387-C866170E565A}.Release|Any CPU.Build.0 = Release|Any CPU
		{72E558FE-FA60-4A54-8387-C866170E565A}.Release|x64.ActiveCfg = Release|Any CPU
		{72E558FE-FA60-4A54-8387-C866170E565A}.Release|x64.Build.0 = Release|Any CPU
		{E72247D7-1849-4B7B-A902-BF97B1956498}.Debug|Any CPU.ActiveCfg = Debug|Any CPU
		{E72247D7-1849-4B7B-A902-BF97B1956498}.Debug|Any CPU.Build.0 = Debug|Any CPU
		{E72247D7-1849-4B7B-A902-BF97B1956498}.Debug|x64.ActiveCfg = Debug|Any CPU
		{E72247D7-1849-4B7B-A902-BF97B1956498}.Debug|x64.Build.0 = Debug|Any CPU
		{E72247D7-1849-4B7B-A902-BF97B1956498}.Release|Any CPU.ActiveCfg = Release|Any CPU
		{E72247D7-1849-4B7B-A902-BF97B1956498}.Release|Any CPU.Build.0 = Release|Any CPU
		{E72247D7-1849-4B7B-A902-BF97B1956498}.Release|x64.ActiveCfg = Release|Any CPU
		{E72247D7-1849-4B7B-A902-BF97B1956498}.Release|x64.Build.0 = Release|Any CPU
		{C16355DA-CD7B-4244-A84D-90358C753224}.Debug|Any CPU.ActiveCfg = Debug|Any CPU
		{C16355DA-CD7B-4244-A84D-90358C753224}.Debug|Any CPU.Build.0 = Debug|Any CPU
		{C16355DA-CD7B-4244-A84D-90358C753224}.Debug|x64.ActiveCfg = Debug|Any CPU
		{C16355DA-CD7B-4244-A84D-90358C753224}.Debug|x64.Build.0 = Debug|Any CPU
		{C16355DA-CD7B-4244-A84D-90358C753224}.Release|Any CPU.ActiveCfg = Release|Any CPU
		{C16355DA-CD7B-4244-A84D-90358C753224}.Release|Any CPU.Build.0 = Release|Any CPU
		{C16355DA-CD7B-4244-A84D-90358C753224}.Release|x64.ActiveCfg = Release|Any CPU
		{C16355DA-CD7B-4244-A84D-90358C753224}.Release|x64.Build.0 = Release|Any CPU
	EndGlobalSection
	GlobalSection(SolutionProperties) = preSolution
		HideSolutionNode = FALSE
	EndGlobalSection
	GlobalSection(NestedProjects) = preSolution
		{44BDC936-F4C0-4AB9-A6C5-C28A5EE478CF} = {EBEF64B9-DF6D-411C-8B64-ECC32CF5478A}
		{86A8836E-D031-4EE2-A11F-0CC18C1C3197} = {FBFC34A4-0899-4637-ADC0-7DFB483A59CB}
		{0E887833-4059-48B2-9D89-8E6B5955926D} = {86A8836E-D031-4EE2-A11F-0CC18C1C3197}
		{7325DFAA-0951-4939-B28B-35F9CF52D705} = {86A8836E-D031-4EE2-A11F-0CC18C1C3197}
		{4401BF13-FF7B-4577-95D1-1D38F98C9CA1} = {277432A9-583B-40C9-95D2-189BB7EB71E4}
		{F616E12A-443B-43BA-9485-8D23369B045A} = {4401BF13-FF7B-4577-95D1-1D38F98C9CA1}
		{18181B4F-2F82-4A33-BE2D-D4C2DE668C3A} = {4401BF13-FF7B-4577-95D1-1D38F98C9CA1}
		{FA8A61AC-D6EA-4DC1-A868-404131355172} = {44BDC936-F4C0-4AB9-A6C5-C28A5EE478CF}
		{BF1CCA26-05D9-48AA-9720-469964C3CB4F} = {44BDC936-F4C0-4AB9-A6C5-C28A5EE478CF}
		{6160EF92-900E-4375-BF2B-C2A146135DFF} = {EBEF64B9-DF6D-411C-8B64-ECC32CF5478A}
		{A7180F50-2A4C-4DE1-8FC9-0A1FF4AEE486} = {EBEF64B9-DF6D-411C-8B64-ECC32CF5478A}
		{C689298D-2732-42F2-A881-76F14D18B67A} = {FBFC34A4-0899-4637-ADC0-7DFB483A59CB}
		{87A0C5A1-43C5-4E45-A386-5047F727F9F9} = {277432A9-583B-40C9-95D2-189BB7EB71E4}
		{AA07D3E6-9551-4ED6-9B9A-1A4B9BA726D4} = {EBEF64B9-DF6D-411C-8B64-ECC32CF5478A}
		{75ABAD66-2332-4007-8BE5-F3EF2C7B7717} = {277432A9-583B-40C9-95D2-189BB7EB71E4}
		{4C7C6C0C-B161-4210-98E8-E45CB160D334} = {FBFC34A4-0899-4637-ADC0-7DFB483A59CB}
		{3E9F4192-8E5A-4943-B67A-5D18FEDDA29D} = {277432A9-583B-40C9-95D2-189BB7EB71E4}
		{2C50C386-5AA9-4C09-8C57-A035C16702B1} = {FBFC34A4-0899-4637-ADC0-7DFB483A59CB}
		{5E68FA76-DC6C-4417-A51A-2D7E85938773} = {44BDC936-F4C0-4AB9-A6C5-C28A5EE478CF}
		{CB60F6CA-05F2-4755-8C19-DC1270CE2154} = {4401BF13-FF7B-4577-95D1-1D38F98C9CA1}
		{66BFFDDC-F768-4668-847E-05D31EF41807} = {86A8836E-D031-4EE2-A11F-0CC18C1C3197}
		{94969EEF-9359-4E2A-946E-A10A39A21FD3} = {FBFC34A4-0899-4637-ADC0-7DFB483A59CB}
		{A231A564-562C-4D65-A793-3AA589C20C0E} = {277432A9-583B-40C9-95D2-189BB7EB71E4}
		{95AFD0A4-A999-4C10-A299-AB3F2D496A4B} = {EBEF64B9-DF6D-411C-8B64-ECC32CF5478A}
		{45BDA50F-68AC-4C41-8B86-3408944FEF32} = {59B64A17-29CC-47AE-93C7-89598E1ADDBD}
		{35DF8506-F766-484C-9B7F-0C661FCD4825} = {59B64A17-29CC-47AE-93C7-89598E1ADDBD}
		{08F152FC-C06A-4FDF-B9CB-A58320780822} = {C75C88C6-A111-4F31-8DCB-04A8E11A8059}
		{A60BCD53-4D89-491E-B96C-BA4FA587519D} = {08F152FC-C06A-4FDF-B9CB-A58320780822}
		{B4DF491C-09B4-47E9-9096-19124CD92116} = {C75C88C6-A111-4F31-8DCB-04A8E11A8059}
		{7000024C-A1E4-4431-9BF8-E0C9282ADDE7} = {08F152FC-C06A-4FDF-B9CB-A58320780822}
		{7952E124-A097-4DA2-B78B-F0BA318C4F80} = {08F152FC-C06A-4FDF-B9CB-A58320780822}
		{BEB80E11-5079-431B-967F-45C86AB1A2B7} = {C75C88C6-A111-4F31-8DCB-04A8E11A8059}
		{187A217A-1927-4AB5-8499-A5256F90E5CA} = {C75C88C6-A111-4F31-8DCB-04A8E11A8059}
		{F0A9ECDC-EEAA-4523-9DEA-20403DE182D6} = {C75C88C6-A111-4F31-8DCB-04A8E11A8059}
		{F5A815AD-166C-46BB-BCC9-DB01BA7272B2} = {59B64A17-29CC-47AE-93C7-89598E1ADDBD}
		{FC1B7EE3-51CE-46F9-BEA4-69512A1D364A} = {59B64A17-29CC-47AE-93C7-89598E1ADDBD}
		{7F3FF735-831D-41E0-9DCF-27D5CFF3D65F} = {C75C88C6-A111-4F31-8DCB-04A8E11A8059}
		{6E5015DB-C65A-4471-B0EE-23E330E63BD8} = {277432A9-583B-40C9-95D2-189BB7EB71E4}
		{32B385A7-0413-4606-957E-B87F4111B89D} = {FBFC34A4-0899-4637-ADC0-7DFB483A59CB}
		{CD8D0E5F-C229-417D-AFE8-2ADA4BC2B97B} = {C75C88C6-A111-4F31-8DCB-04A8E11A8059}
		{72E558FE-FA60-4A54-8387-C866170E565A} = {CD8D0E5F-C229-417D-AFE8-2ADA4BC2B97B}
		{E72247D7-1849-4B7B-A902-BF97B1956498} = {CD8D0E5F-C229-417D-AFE8-2ADA4BC2B97B}
		{C16355DA-CD7B-4244-A84D-90358C753224} = {CD8D0E5F-C229-417D-AFE8-2ADA4BC2B97B}
	EndGlobalSection
	GlobalSection(ExtensibilityGlobals) = postSolution
		SolutionGuid = {4F5E31ED-5016-4DAA-B574-94F5A1171313}
	EndGlobalSection
EndGlobal
